{
    "_readme": [
        "This file locks the dependencies of your project to a known state",
        "Read more about it at https://getcomposer.org/doc/01-basic-usage.md#installing-dependencies",
        "This file is @generated automatically"
    ],
    "content-hash": "c3bfa386896f3b4dee8386b934bf8567",
    "packages": [
        {
            "name": "smarty/smarty",
            "version": "3.1.7",
            "dist": {
                "type": "zip",
                "url": "https://www.smarty.net/files/Smarty-3.1.7.zip"
            },
            "type": "library"
        }
    ],
    "packages-dev": [],
    "aliases": [],
    "minimum-stability": "stable",
    "stability-flags": [],
    "prefer-stable": false,
    "prefer-lowest": false,
    "platform": [],
    "platform-dev": [],
    "plugin-api-version": "2.3.0"
}
